// !$*UTF8*$!
{
	archiveVersion = 1;
	classes = {
	};
	objectVersion = 50;
	objects = {

/* Begin PBXBuildFile section */
		09AEA9DC2178912B00F315B9 /* AppDelegate.m in Sources */ = {isa = PBXBuildFile; fileRef = 09AEA9DB2178912B00F315B9 /* AppDelegate.m */; };
		09AEA9DF2178912B00F315B9 /* ViewController.m in Sources */ = {isa = PBXBuildFile; fileRef = 09AEA9DE2178912B00F315B9 /* ViewController.m */; };
		09AEA9E22178912B00F315B9 /* Main.storyboard in Resources */ = {isa = PBXBuildFile; fileRef = 09AEA9E02178912B00F315B9 /* Main.storyboard */; };
		09AEA9E42178912C00F315B9 /* Assets.xcassets in Resources */ = {isa = PBXBuildFile; fileRef = 09AEA9E32178912C00F315B9 /* Assets.xcassets */; };
		09AEA9E72178912C00F315B9 /* LaunchScreen.storyboard in Resources */ = {isa = PBXBuildFile; fileRef = 09AEA9E52178912C00F315B9 /* LaunchScreen.storyboard */; };
		09AEA9EA2178912C00F315B9 /* main.m in Sources */ = {isa = PBXBuildFile; fileRef = 09AEA9E92178912C00F315B9 /* main.m */; };
		9D1CD8367F04E8A13F167CC6 /* libPods-YJCategoryExample.a in Frameworks */ = {isa = PBXBuildFile; fileRef = 8E2CB0015015CB754611F471 /* libPods-YJCategoryExample.a */; };
/* End PBXBuildFile section */

/* Begin PBXFileReference section */
		09AEA9D72178912B00F315B9 /* YJCategoryExample.app */ = {isa = PBXFileReference; explicitFileType = wrapper.application; includeInIndex = 0; path = YJCategoryExample.app; sourceTree = BUILT_PRODUCTS_DIR; };
		09AEA9DA2178912B00F315B9 /* AppDelegate.h */ = {isa = PBXFileReference; lastKnownFileType = sourcecode.c.h; path = AppDelegate.h; sourceTree = "<group>"; };
		09AEA9DB2178912B00F315B9 /* AppDelegate.m */ = {isa = PBXFileReference; lastKnownFileType = sourcecode.c.objc; path = AppDelegate.m; sourceTree = "<group>"; };
		09AEA9DD2178912B00F315B9 /* ViewController.h */ = {isa = PBXFileReference; lastKnownFileType = sourcecode.c.h; path = ViewController.h; sourceTree = "<group>"; };
		09AEA9DE2178912B00F315B9 /* ViewController.m */ = {isa = PBXFileReference; lastKnownFileType = sourcecode.c.objc; path = ViewController.m; sourceTree = "<group>"; };
		09AEA9E12178912B00F315B9 /* Base */ = {isa = PBXFileReference; lastKnownFileType = file.storyboard; name = Base; path = Base.lproj/Main.storyboard; sourceTree = "<group>"; };
		09AEA9E32178912C00F315B9 /* Assets.xcassets */ = {isa = PBXFileReference; lastKnownFileType = folder.assetcatalog; path = Assets.xcassets; sourceTree = "<group>"; };
		09AEA9E62178912C00F315B9 /* Base */ = {isa = PBXFileReference; lastKnownFileType = file.storyboard; name = Base; path = Base.lproj/LaunchScreen.storyboard; sourceTree = "<group>"; };
		09AEA9E82178912C00F315B9 /* Info.plist */ = {isa = PBXFileReference; lastKnownFileType = text.plist.xml; path = Info.plist; sourceTree = "<group>"; };
		09AEA9E92178912C00F315B9 /* main.m */ = {isa = PBXFileReference; lastKnownFileType = sourcecode.c.objc; path = main.m; sourceTree = "<group>"; };
		15E4C262B26BB696DCED90D8 /* Pods-YJCategoryExample.release.xcconfig */ = {isa = PBXFileReference; includeInIndex = 1; lastKnownFileType = text.xcconfig; name = "Pods-YJCategoryExample.release.xcconfig"; path = "Pods/Target Support Files/Pods-YJCategoryExample/Pods-YJCategoryExample.release.xcconfig"; sourceTree = "<group>"; };
		256C5EAD27EEF687E4A87A9C /* Pods-YJCategoryExample.debug.xcconfig */ = {isa = PBXFileReference; includeInIndex = 1; lastKnownFileType = text.xcconfig; name = "Pods-YJCategoryExample.debug.xcconfig"; path = "Pods/Target Support Files/Pods-YJCategoryExample/Pods-YJCategoryExample.debug.xcconfig"; sourceTree = "<group>"; };
		8E2CB0015015CB754611F471 /* libPods-YJCategoryExample.a */ = {isa = PBXFileReference; explicitFileType = archive.ar; includeInIndex = 0; path = "libPods-YJCategoryExample.a"; sourceTree = BUILT_PRODUCTS_DIR; };
/* End PBXFileReference section */

/* Begin PBXFrameworksBuildPhase section */
		09AEA9D42178912B00F315B9 /* Frameworks */ = {
			isa = PBXFrameworksBuildPhase;
			buildActionMask = 2147483647;
			files = (
				9D1CD8367F04E8A13F167CC6 /* libPods-YJCategoryExample.a in Frameworks */,
			);
			runOnlyForDeploymentPostprocessing = 0;
		};
/* End PBXFrameworksBuildPhase section */

/* Begin PBXGroup section */
		09AEA9CE2178912B00F315B9 = {
			isa = PBXGroup;
			children = (
				09AEA9D92178912B00F315B9 /* YJCategoryExample */,
				09AEA9D82178912B00F315B9 /* Products */,
				61E8574286F84D482F418C79 /* Pods */,
				3B51D48B6E866195DC548DA7 /* Frameworks */,
			);
			sourceTree = "<group>";
		};
		09AEA9D82178912B00F315B9 /* Products */ = {
			isa = PBXGroup;
			children = (
				09AEA9D72178912B00F315B9 /* YJCategoryExample.app */,
			);
			name = Products;
			sourceTree = "<group>";
		};
		09AEA9D92178912B00F315B9 /* YJCategoryExample */ = {
			isa = PBXGroup;
			children = (
				09AEA9DA2178912B00F315B9 /* AppDelegate.h */,
				09AEA9DB2178912B00F315B9 /* AppDelegate.m */,
				09AEA9DD2178912B00F315B9 /* ViewController.h */,
				09AEA9DE2178912B00F315B9 /* ViewController.m */,
				09AEA9E02178912B00F315B9 /* Main.storyboard */,
				09AEA9E32178912C00F315B9 /* Assets.xcassets */,
				09AEA9E52178912C00F315B9 /* LaunchScreen.storyboard */,
				09AEA9E82178912C00F315B9 /* Info.plist */,
				09AEA9E92178912C00F315B9 /* main.m */,
			);
			path = YJCategoryExample;
			sourceTree = "<group>";
		};
		3B51D48B6E866195DC548DA7 /* Frameworks */ = {
			isa = PBXGroup;
			children = (
				8E2CB0015015CB754611F471 /* libPods-YJCategoryExample.a */,
			);
			name = Frameworks;
			sourceTree = "<group>";
		};
		61E8574286F84D482F418C79 /* Pods */ = {
			isa = PBXGroup;
			children = (
				256C5EAD27EEF687E4A87A9C /* Pods-YJCategoryExample.debug.xcconfig */,
				15E4C262B26BB696DCED90D8 /* Pods-YJCategoryExample.release.xcconfig */,
			);
			name = Pods;
			sourceTree = "<group>";
		};
/* End PBXGroup section */

/* Begin PBXNativeTarget section */
		09AEA9D62178912B00F315B9 /* YJCategoryExample */ = {
			isa = PBXNativeTarget;
			buildConfigurationList = 09AEA9ED2178912C00F315B9 /* Build configuration list for PBXNativeTarget "YJCategoryExample" */;
			buildPhases = (
				92B182C3E20272DD00BC4F52 /* [CP] Check Pods Manifest.lock */,
				09AEA9D32178912B00F315B9 /* Sources */,
				09AEA9D42178912B00F315B9 /* Frameworks */,
				09AEA9D52178912B00F315B9 /* Resources */,
				44D5CD9A24FAAC3BBE9633E4 /* [CP] Embed Pods Frameworks */,
				EAB0072E2D924C3494E28214 /* [CP] Copy Pods Resources */,
			);
			buildRules = (
			);
			dependencies = (
			);
			name = YJCategoryExample;
			productName = YJCategoryExample;
			productReference = 09AEA9D72178912B00F315B9 /* YJCategoryExample.app */;
			productType = "com.apple.product-type.application";
		};
/* End PBXNativeTarget section */

/* Begin PBXProject section */
		09AEA9CF2178912B00F315B9 /* Project object */ = {
			isa = PBXProject;
			attributes = {
				LastUpgradeCheck = 1000;
				ORGANIZATIONNAME = yunli;
				TargetAttributes = {
					09AEA9D62178912B00F315B9 = {
						CreatedOnToolsVersion = 10.0;
					};
				};
			};
			buildConfigurationList = 09AEA9D22178912B00F315B9 /* Build configuration list for PBXProject "YJCategoryExample" */;
			compatibilityVersion = "Xcode 9.3";
			developmentRegion = en;
			hasScannedForEncodings = 0;
			knownRegions = (
				en,
				Base,
			);
			mainGroup = 09AEA9CE2178912B00F315B9;
			productRefGroup = 09AEA9D82178912B00F315B9 /* Products */;
			projectDirPath = "";
			projectRoot = "";
			targets = (
				09AEA9D62178912B00F315B9 /* YJCategoryExample */,
			);
		};
/* End PBXProject section */

/* Begin PBXResourcesBuildPhase section */
		09AEA9D52178912B00F315B9 /* Resources */ = {
			isa = PBXResourcesBuildPhase;
			buildActionMask = 2147483647;
			files = (
				09AEA9E72178912C00F315B9 /* LaunchScreen.storyboard in Resources */,
				09AEA9E42178912C00F315B9 /* Assets.xcassets in Resources */,
				09AEA9E22178912B00F315B9 /* Main.storyboard in Resources */,
			);
			runOnlyForDeploymentPostprocessing = 0;
		};
/* End PBXResourcesBuildPhase section */

/* Begin PBXShellScriptBuildPhase section */
		44D5CD9A24FAAC3BBE9633E4 /* [CP] Embed Pods Frameworks */ = {
			isa = PBXShellScriptBuildPhase;
			buildActionMask = 2147483647;
			files = (
			);
			inputFileListPaths = (
			);
			inputPaths = (
			);
			name = "[CP] Embed Pods Frameworks";
			outputFileListPaths = (
			);
			outputPaths = (
			);
			runOnlyForDeploymentPostprocessing = 0;
			shellPath = /bin/sh;
			shellScript = "\"${SRCROOT}/Pods/Target Support Files/Pods-YJCategoryExample/Pods-YJCategoryExample-frameworks.sh\"\n";
			showEnvVarsInLog = 0;
		};
		92B182C3E20272DD00BC4F52 /* [CP] Check Pods Manifest.lock */ = {
			isa = PBXShellScriptBuildPhase;
			buildActionMask = 2147483647;
			files = (
			);
			inputFileListPaths = (
			);
			inputPaths = (
				"${PODS_PODFILE_DIR_PATH}/Podfile.lock",
				"${PODS_ROOT}/Manifest.lock",
			);
			name = "[CP] Check Pods Manifest.lock";
			outputFileListPaths = (
			);
			outputPaths = (
				"$(DERIVED_FILE_DIR)/Pods-YJCategoryExample-checkManifestLockResult.txt",
			);
			runOnlyForDeploymentPostprocessing = 0;
			shellPath = /bin/sh;
			shellScript = "diff \"${PODS_PODFILE_DIR_PATH}/Podfile.lock\" \"${PODS_ROOT}/Manifest.lock\" > /dev/null\nif [ $? != 0 ] ; then\n    # print error to STDERR\n    echo \"error: The sandbox is not in sync with the Podfile.lock. Run 'pod install' or update your CocoaPods installation.\" >&2\n    exit 1\nfi\n# This output is used by Xcode 'outputs' to avoid re-running this script phase.\necho \"SUCCESS\" > \"${SCRIPT_OUTPUT_FILE_0}\"\n";
			showEnvVarsInLog = 0;
		};
		EAB0072E2D924C3494E28214 /* [CP] Copy Pods Resources */ = {
			isa = PBXShellScriptBuildPhase;
			buildActionMask = 2147483647;
			files = (
			);
			inputFileListPaths = (
			);
			inputPaths = (
			);
			name = "[CP] Copy Pods Resources";
			outputFileListPaths = (
			);
			outputPaths = (
			);
			runOnlyForDeploymentPostprocessing = 0;
			shellPath = /bin/sh;
			shellScript = "\"${SRCROOT}/Pods/Target Support Files/Pods-YJCategoryExample/Pods-YJCategoryExample-resources.sh\"\n";
			showEnvVarsInLog = 0;
		};
/* End PBXShellScriptBuildPhase section */

/* Begin PBXSourcesBuildPhase section */
		09AEA9D32178912B00F315B9 /* Sources */ = {
			isa = PBXSourcesBuildPhase;
			buildActionMask = 2147483647;
			files = (
				09AEA9DF2178912B00F315B9 /* ViewController.m in Sources */,
				09AEA9EA2178912C00F315B9 /* main.m in Sources */,
				09AEA9DC2178912B00F315B9 /* AppDelegate.m in Sources */,
			);
			runOnlyForDeploymentPostprocessing = 0;
		};
/* End PBXSourcesBuildPhase section */

/* Begin PBXVariantGroup section */
		09AEA9E02178912B00F315B9 /* Main.storyboard */ = {
			isa = PBXVariantGroup;
			children = (
				09AEA9E12178912B00F315B9 /* Base */,
			);
			name = Main.storyboard;
			sourceTree = "<group>";
		};
		09AEA9E52178912C00F315B9 /* LaunchScreen.storyboard */ = {
			isa = PBXVariantGroup;
			children = (
				09AEA9E62178912C00F315B9 /* Base */,
			);
			name = LaunchScreen.storyboard;
			sourceTree = "<group>";
		};
/* End PBXVariantGroup section */

/* Begin XCBuildConfiguration section */
		09AEA9EB2178912C00F315B9 /* Debug */ = {
			isa = XCBuildConfiguration;
			buildSettings = {
				ALWAYS_SEARCH_USER_PATHS = NO;
				CLANG_ANALYZER_NONNULL = YES;
				CLANG_ANALYZER_NUMBER_OBJECT_CONVERSION = YES_AGGRESSIVE;
				CLANG_CXX_LANGUAGE_STANDARD = "gnu++14";
				CLANG_CXX_LIBRARY = "libc++";
				CLANG_ENABLE_MODULES = YES;
				CLANG_ENABLE_OBJC_ARC = YES;
				CLANG_ENABLE_OBJC_WEAK = YES;
				CLANG_WARN_BLOCK_CAPTURE_AUTORELEASING = YES;
				CLANG_WARN_BOOL_CONVERSION = YES;
				CLANG_WARN_COMMA = YES;
				CLANG_WARN_CONSTANT_CONVERSION = YES;
				CLANG_WARN_DEPRECATED_OBJC_IMPLEMENTATIONS = YES;
				CLANG_WARN_DIRECT_OBJC_ISA_USAGE = YES_ERROR;
				CLANG_WARN_DOCUMENTATION_COMMENTS = YES;
				CLANG_WARN_EMPTY_BODY = YES;
				CLANG_WARN_ENUM_CONVERSION = YES;
				CLANG_WARN_INFINITE_RECURSION = YES;
				CLANG_WARN_INT_CONVERSION = YES;
				CLANG_WARN_NON_LITERAL_NULL_CONVERSION = YES;
				CLANG_WARN_OBJC_IMPLICIT_RETAIN_SELF = YES;
				CLANG_WARN_OBJC_LITERAL_CONVERSION = YES;
				CLANG_WARN_OBJC_ROOT_CLASS = YES_ERROR;
				CLANG_WARN_RANGE_LOOP_ANALYSIS = YES;
				CLANG_WARN_STRICT_PROTOTYPES = YES;
				CLANG_WARN_SUSPICIOUS_MOVE = YES;
				CLANG_WARN_UNGUARDED_AVAILABILITY = YES_AGGRESSIVE;
				CLANG_WARN_UNREACHABLE_CODE = YES;
				CLANG_WARN__DUPLICATE_METHOD_MATCH = YES;
				CODE_SIGN_IDENTITY = "iPhone Developer";
				COPY_PHASE_STRIP = NO;
				DEBUG_INFORMATION_FORMAT = dwarf;
				ENABLE_STRICT_OBJC_MSGSEND = YES;
				ENABLE_TESTABILITY = YES;
				GCC_C_LANGUAGE_STANDARD = gnu11;
				GCC_DYNAMIC_NO_PIC = NO;
				GCC_NO_COMMON_BLOCKS = YES;
				GCC_OPTIMIZATION_LEVEL = 0;
				GCC_PREPROCESSOR_DEFINITIONS = (
					"DEBUG=1",
					"$(inherited)",
				);
				GCC_WARN_64_TO_32_BIT_CONVERSION = YES;
				GCC_WARN_ABOUT_RETURN_TYPE = YES_ERROR;
				GCC_WARN_UNDECLARED_SELECTOR = YES;
				GCC_WARN_UNINITIALIZED_AUTOS = YES_AGGRESSIVE;
				GCC_WARN_UNUSED_FUNCTION = YES;
				GCC_WARN_UNUSED_VARIABLE = YES;
				IPHONEOS_DEPLOYMENT_TARGET = 12.0;
				MTL_ENABLE_DEBUG_INFO = INCLUDE_SOURCE;
				MTL_FAST_MATH = YES;
				ONLY_ACTIVE_ARCH = YES;
				SDKROOT = iphoneos;
			};
			name = Debug;
		};
		09AEA9EC2178912C00F315B9 /* Release */ = {
			isa = XCBuildConfiguration;
			buildSettings = {
				ALWAYS_SEARCH_USER_PATHS = NO;
				CLANG_ANALYZER_NONNULL = YES;
				CLANG_ANALYZER_NUMBER_OBJECT_CONVERSION = YES_AGGRESSIVE;
				CLANG_CXX_LANGUAGE_STANDARD = "gnu++14";
				CLANG_CXX_LIBRARY = "libc++";
				CLANG_ENABLE_MODULES = YES;
				CLANG_ENABLE_OBJC_ARC = YES;
				CLANG_ENABLE_OBJC_WEAK = YES;
				CLANG_WARN_BLOCK_CAPTURE_AUTORELEASING = YES;
				CLANG_WARN_BOOL_CONVERSION = YES;
				CLANG_WARN_COMMA = YES;
				CLANG_WARN_CONSTANT_CONVERSION = YES;
				CLANG_WARN_DEPRECATED_OBJC_IMPLEMENTATIONS = YES;
				CLANG_WARN_DIRECT_OBJC_ISA_USAGE = YES_ERROR;
				CLANG_WARN_DOCUMENTATION_COMMENTS = YES;
				CLANG_WARN_EMPTY_BODY = YES;
				CLANG_WARN_ENUM_CONVERSION = YES;
				CLANG_WARN_INFINITE_RECURSION = YES;
				CLANG_WARN_INT_CONVERSION = YES;
				CLANG_WARN_NON_LITERAL_NULL_CONVERSION = YES;
				CLANG_WARN_OBJC_IMPLICIT_RETAIN_SELF = YES;
				CLANG_WARN_OBJC_LITERAL_CONVERSION = YES;
				CLANG_WARN_OBJC_ROOT_CLASS = YES_ERROR;
				CLANG_WARN_RANGE_LOOP_ANALYSIS = YES;
				CLANG_WARN_STRICT_PROTOTYPES = YES;
				CLANG_WARN_SUSPICIOUS_MOVE = YES;
				CLANG_WARN_UNGUARDED_AVAILABILITY = YES_AGGRESSIVE;
				CLANG_WARN_UNREACHABLE_CODE = YES;
				CLANG_WARN__DUPLICATE_METHOD_MATCH = YES;
				CODE_SIGN_IDENTITY = "iPhone Developer";
				COPY_PHASE_STRIP = NO;
				DEBUG_INFORMATION_FORMAT = "dwarf-with-dsym";
				ENABLE_NS_ASSERTIONS = NO;
				ENABLE_STRICT_OBJC_MSGSEND = YES;
				GCC_C_LANGUAGE_STANDARD = gnu11;
				GCC_NO_COMMON_BLOCKS = YES;
				GCC_WARN_64_TO_32_BIT_CONVERSION = YES;
				GCC_WARN_ABOUT_RETURN_TYPE = YES_ERROR;
				GCC_WARN_UNDECLARED_SELECTOR = YES;
				GCC_WARN_UNINITIALIZED_AUTOS = YES_AGGRESSIVE;
				GCC_WARN_UNUSED_FUNCTION = YES;
				GCC_WARN_UNUSED_VARIABLE = YES;
				IPHONEOS_DEPLOYMENT_TARGET = 12.0;
				MTL_ENABLE_DEBUG_INFO = NO;
				MTL_FAST_MATH = YES;
				SDKROOT = iphoneos;
				VALIDATE_PRODUCT = YES;
			};
			name = Release;
		};
		09AEA9EE2178912C00F315B9 /* Debug */ = {
			isa = XCBuildConfiguration;
			baseConfigurationReference = 256C5EAD27EEF687E4A87A9C /* Pods-YJCategoryExample.debug.xcconfig */;
			buildSettings = {
				ASSETCATALOG_COMPILER_APPICON_NAME = AppIcon;
				CODE_SIGN_STYLE = Automatic;
				DEVELOPMENT_TEAM = 447C6XLHSL;
				INFOPLIST_FILE = YJCategoryExample/Info.plist;
				LD_RUNPATH_SEARCH_PATHS = (
					"$(inherited)",
					"@executable_path/Frameworks",
				);
				PRODUCT_BUNDLE_IDENTIFIER = com.yunli.YJCategoryExample;
				PRODUCT_NAME = "$(TARGET_NAME)";
				TARGETED_DEVICE_FAMILY = "1,2";
			};
			name = Debug;
		};
		09AEA9EF2178912C00F315B9 /* Release */ = {
			isa = XCBuildConfiguration;
			baseConfigurationReference = 15E4C262B26BB696DCED90D8 /* Pods-YJCategoryExample.release.xcconfig */;
			buildSettings = {
				ASSETCATALOG_COMPILER_APPICON_NAME = AppIcon;
				CODE_SIGN_STYLE = Automatic;
				DEVELOPMENT_TEAM = 447C6XLHSL;
				INFOPLIST_FILE = YJCategoryExample/Info.plist;
				LD_RUNPATH_SEARCH_PATHS = (
					"$(inherited)",
					"@executable_path/Frameworks",
				);
				PRODUCT_BUNDLE_IDENTIFIER = com.yunli.YJCategoryExample;
				PRODUCT_NAME = "$(TARGET_NAME)";
				TARGETED_DEVICE_FAMILY = "1,2";
			};
			name = Release;
		};
/* End XCBuildConfiguration section */

/* Begin XCConfigurationList section */
		09AEA9D22178912B00F315B9 /* Build configuration list for PBXProject "YJCategoryExample" */ = {
			isa = XCConfigurationList;
			buildConfigurations = (
				09AEA9EB2178912C00F315B9 /* Debug */,
				09AEA9EC2178912C00F315B9 /* Release */,
			);
			defaultConfigurationIsVisible = 0;
			defaultConfigurationName = Release;
		};
		09AEA9ED2178912C00F315B9 /* Build configuration list for PBXNativeTarget "YJCategoryExample" */ = {
			isa = XCConfigurationList;
			buildConfigurations = (
				09AEA9EE2178912C00F315B9 /* Debug */,
				09AEA9EF2178912C00F315B9 /* Release */,
			);
			defaultConfigurationIsVisible = 0;
			defaultConfigurationName = Release;
		};
/* End XCConfigurationList section */
	};
	rootObject = 09AEA9CF2178912B00F315B9 /* Project object */;
}
